
Microsoft Visual Studio Solution File, Format Version 12.00
# Visual Studio 15
VisualStudioVersion = 15.0.26124.0
MinimumVisualStudioVersion = 15.0.26124.0
Project("{FAE04EC0-301F-11D3-BF4B-00C04F79EFBC}") = "Domain", "Domain\Domain.csproj", "{920DBE4D-77A8-45ED-9A05-601CB01DCC1B}"
EndProject
Project("{FAE04EC0-301F-11D3-BF4B-00C04F79EFBC}") = "UnitTests", "UnitTests\UnitTests.csproj", "{FF4EA263-414B-47D3-9309-3A02FCD297B5}"
EndProject
Project("{FAE04EC0-301F-11D3-BF4B-00C04F79EFBC}") = "Infrastructure", "Infrastructure\Infrastructure.csproj", "{AFB831DF-CA36-4828-BD58-666FB83EA5DC}"
EndProject
Project("{FAE04EC0-301F-11D3-BF4B-00C04F79EFBC}") = "API", "API\API.csproj", "{35F68F1D-174C-4392-A2EC-682DC574DDEA}"
EndProject
Global
	GlobalSection(SolutionConfigurationPlatforms) = preSolution
		Debug|Any CPU = Debug|Any CPU
		Debug|x64 = Debug|x64
		Debug|x86 = Debug|x86
		Release|Any CPU = Release|Any CPU
		Release|x64 = Release|x64
		Release|x86 = Release|x86
	EndGlobalSection
	GlobalSection(SolutionProperties) = preSolution
		HideSolutionNode = FALSE
	EndGlobalSection
	GlobalSection(ProjectConfigurationPlatforms) = postSolution
		{920DBE4D-77A8-45ED-9A05-601CB01DCC1B}.Debug|Any CPU.ActiveCfg = Debug|Any CPU
		{920DBE4D-77A8-45ED-9A05-601CB01DCC1B}.Debug|Any CPU.Build.0 = Debug|Any CPU
		{920DBE4D-77A8-45ED-9A05-601CB01DCC1B}.Debug|x64.ActiveCfg = Debug|Any CPU
		{920DBE4D-77A8-45ED-9A05-601CB01DCC1B}.Debug|x64.Build.0 = Debug|Any CPU
		{920DBE4D-77A8-45ED-9A05-601CB01DCC1B}.Debug|x86.ActiveCfg = Debug|Any CPU
		{920DBE4D-77A8-45ED-9A05-601CB01DCC1B}.Debug|x86.Build.0 = Debug|Any CPU
		{920DBE4D-77A8-45ED-9A05-601CB01DCC1B}.Release|Any CPU.ActiveCfg = Release|Any CPU
		{920DBE4D-77A8-45ED-9A05-601CB01DCC1B}.Release|Any CPU.Build.0 = Release|Any CPU
		{920DBE4D-77A8-45ED-9A05-601CB01DCC1B}.Release|x64.ActiveCfg = Release|Any CPU
		{920DBE4D-77A8-45ED-9A05-601CB01DCC1B}.Release|x64.Build.0 = Release|Any CPU
		{920DBE4D-77A8-45ED-9A05-601CB01DCC1B}.Release|x86.ActiveCfg = Release|Any CPU
		{920DBE4D-77A8-45ED-9A05-601CB01DCC1B}.Release|x86.Build.0 = Release|Any CPU
		{FF4EA263-414B-47D3-9309-3A02FCD297B5}.Debug|Any CPU.ActiveCfg = Debug|Any CPU
		{FF4EA263-414B-47D3-9309-3A02FCD297B5}.Debug|Any CPU.Build.0 = Debug|Any CPU
		{FF4EA263-414B-47D3-9309-3A02FCD297B5}.Debug|x64.ActiveCfg = Debug|Any CPU
		{FF4EA263-414B-47D3-9309-3A02FCD297B5}.Debug|x64.Build.0 = Debug|Any CPU
		{FF4EA263-414B-47D3-9309-3A02FCD297B5}.Debug|x86.ActiveCfg = Debug|Any CPU
		{FF4EA263-414B-47D3-9309-3A02FCD297B5}.Debug|x86.Build.0 = Debug|Any CPU
		{FF4EA263-414B-47D3-9309-3A02FCD297B5}.Release|Any CPU.ActiveCfg = Release|Any CPU
		{FF4EA263-414B-47D3-9309-3A02FCD297B5}.Release|Any CPU.Build.0 = Release|Any CPU
		{FF4EA263-414B-47D3-9309-3A02FCD297B5}.Release|x64.ActiveCfg = Release|Any CPU
		{FF4EA263-414B-47D3-9309-3A02FCD297B5}.Release|x64.Build.0 = Release|Any CPU
		{FF4EA263-414B-47D3-9309-3A02FCD297B5}.Release|x86.ActiveCfg = Release|Any CPU
		{FF4EA263-414B-47D3-9309-3A02FCD297B5}.Release|x86.Build.0 = Release|Any CPU
		{AFB831DF-CA36-4828-BD58-666FB83EA5DC}.Debug|Any CPU.ActiveCfg = Debug|Any CPU
		{AFB831DF-CA36-4828-BD58-666FB83EA5DC}.Debug|Any CPU.Build.0 = Debug|Any CPU
		{AFB831DF-CA36-4828-BD58-666FB83EA5DC}.Debug|x64.ActiveCfg = Debug|Any CPU
		{AFB831DF-CA36-4828-BD58-666FB83EA5DC}.Debug|x64.Build.0 = Debug|Any CPU
		{AFB831DF-CA36-4828-BD58-666FB83EA5DC}.Debug|x86.ActiveCfg = Debug|Any CPU
		{AFB831DF-CA36-4828-BD58-666FB83EA5DC}.Debug|x86.Build.0 = Debug|Any CPU
		{AFB831DF-CA36-4828-BD58-666FB83EA5DC}.Release|Any CPU.ActiveCfg = Release|Any CPU
		{AFB831DF-CA36-4828-BD58-666FB83EA5DC}.Release|Any CPU.Build.0 = Release|Any CPU
		{AFB831DF-CA36-4828-BD58-666FB83EA5DC}.Release|x64.ActiveCfg = Release|Any CPU
		{AFB831DF-CA36-4828-BD58-666FB83EA5DC}.Release|x64.Build.0 = Release|Any CPU
		{AFB831DF-CA36-4828-BD58-666FB83EA5DC}.Release|x86.ActiveCfg = Release|Any CPU
		{AFB831DF-CA36-4828-BD58-666FB83EA5DC}.Release|x86.Build.0 = Release|Any CPU
		{35F68F1D-174C-4392-A2EC-682DC574DDEA}.Debug|Any CPU.ActiveCfg = Debug|Any CPU
		{35F68F1D-174C-4392-A2EC-682DC574DDEA}.Debug|Any CPU.Build.0 = Debug|Any CPU
		{35F68F1D-174C-4392-A2EC-682DC574DDEA}.Debug|x64.ActiveCfg = Debug|Any CPU
		{35F68F1D-174C-4392-A2EC-682DC574DDEA}.Debug|x64.Build.0 = Debug|Any CPU
		{35F68F1D-174C-4392-A2EC-682DC574DDEA}.Debug|x86.ActiveCfg = Debug|Any CPU
		{35F68F1D-174C-4392-A2EC-682DC574DDEA}.Debug|x86.Build.0 = Debug|Any CPU
		{35F68F1D-174C-4392-A2EC-682DC574DDEA}.Release|Any CPU.ActiveCfg = Release|Any CPU
		{35F68F1D-174C-4392-A2EC-682DC574DDEA}.Release|Any CPU.Build.0 = Release|Any CPU
		{35F68F1D-174C-4392-A2EC-682DC574DDEA}.Release|x64.ActiveCfg = Release|Any CPU
		{35F68F1D-174C-4392-A2EC-682DC574DDEA}.Release|x64.Build.0 = Release|Any CPU
		{35F68F1D-174C-4392-A2EC-682DC574DDEA}.Release|x86.ActiveCfg = Release|Any CPU
		{35F68F1D-174C-4392-A2EC-682DC574DDEA}.Release|x86.Build.0 = Release|Any CPU
	EndGlobalSection
EndGlobal
